{
  "name": "@idajs/create-mod",
  "version": "0.0.0",
  "lockfileVersion": 3,
  "requires": true,
  "packages": {
    "": {
      "name": "@idajs/create-mod",
      "version": "0.0.0",
      "license": "GPL-2.0",
      "dependencies": {
        "@idajs/sync": "^1.1.0",
        "prompts": "^2.4.2"
      },
      "bin": {
        "create-mod": "index.js"
      },
      "engines": {
        "node": ">=14.0.0"
      }
    },
    "node_modules/@idajs/sync": {
      "version": "1.1.0",
      "resolved": "https://registry.npmjs.org/@idajs/sync/-/sync-1.1.0.tgz",
      "integrity": "sha512-TPiY+H76YnnUtFYt4UpM6IywlBL0wUedtOCndGueh7LQC8zX7CtJlhlK6q1+8JaMf7ys9ZOhbaV98EyA2WNLog==",
      "license": "MIT",
      "bin": {
        "idasync": "bin/idasync.js"
      },
      "engines": {
        "node": ">=14.0.0"
      }
    },
    "node_modules/kleur": {
      "version": "3.0.3",
      "resolved": "https://registry.npmjs.org/kleur/-/kleur-3.0.3.tgz",
      "integrity": "sha512-eTIzlVOSUR+JxdDFepEYcBMtZ9Qqdef+rnzWdRZuMbOywu5tO2w2N7rqjoANZ5k9vywhL6Br1VRjUIgTQx4E8w==",
      "license": "MIT",
      "engines": {
        "node": ">=6"
      }
    },
    "node_modules/prompts": {
      "version": "2.4.2",
      "resolved": "https://registry.npmjs.org/prompts/-/prompts-2.4.2.tgz",
      "integrity": "sha512-NxNv/kLguCA7p3jE8oL2aEBsrJWgAakBpgmgK6lpPWV+WuOmY6r2/zbAVnP+T8bQlA0nzHXSJSJW0Hq7ylaD2Q==",
      "license": "MIT",
      "dependencies": {
        "kleur": "^3.0.3",
        "sisteransi": "^1.0.5"
      },
      "engines": {
        "node": ">= 6"
      }
    },
    "node_modules/sisteransi": {
      "version": "1.0.5",
      "resolved": "https://registry.npmjs.org/sisteransi/-/sisteransi-1.0.5.tgz",
      "integrity": "sha512-bLGGlR1QxBcynn2d5YmDX4MGjlZvy2MRBDRNHLJ8VI6l6+9FUiyTFNJ0IveOSP0bcXgVDPRcfGqA0pjaqUpfVg==",
      "license": "MIT"
    }
  }
}
